
Microsoft Visual Studio Solution File, Format Version 12.00
# Visual Studio Version 17
VisualStudioVersion = 17.1.32421.90
MinimumVisualStudioVersion = 10.0.40219.1
Project("{FAE04EC0-301F-11D3-BF4B-00C04F79EFBC}") = "AngularDemo", "AngularDemo\AngularDemo.csproj", "{CB48C0B1-EC26-46BF-B65C-916DF3365B56}"
EndProject
Global
	GlobalSection(SolutionConfigurationPlatforms) = preSolution
		Debug|Any CPU = Debug|Any CPU
		Release|Any CPU = Release|Any CPU
	EndGlobalSection
	GlobalSection(ProjectConfigurationPlatforms) = postSolution
		{CB48C0B1-EC26-46BF-B65C-916DF3365B56}.Debug|Any CPU.ActiveCfg = Debug|Any CPU
		{CB48C0B1-EC26-46BF-B65C-916DF3365B56}.Debug|Any CPU.Build.0 = Debug|Any CPU
		{CB48C0B1-EC26-46BF-B65C-916DF3365B56}.Release|Any CPU.ActiveCfg = Release|Any CPU
		{CB48C0B1-EC26-46BF-B65C-916DF3365B56}.Release|Any CPU.Build.0 = Release|Any CPU
	EndGlobalSection
	GlobalSection(SolutionProperties) = preSolution
		HideSolutionNode = FALSE
	EndGlobalSection
	GlobalSection(ExtensibilityGlobals) = postSolution
		SolutionGuid = {826FDB61-DBE3-4CCF-8A88-0AB3CBDED885}
	EndGlobalSection
EndGlobal
